
Microsoft Visual Studio Solution File, Format Version 12.00
# Visual Studio Version 17
VisualStudioVersion = 17.3.32929.385
MinimumVisualStudioVersion = 10.0.40219.1
Project("{FAE04EC0-301F-11D3-BF4B-00C04F79EFBC}") = "Farma", "Farma\Farma.csproj", "{7DDF6169-F37F-4065-BE5F-2827F9C84A38}"
EndProject
Global
	GlobalSection(SolutionConfigurationPlatforms) = preSolution
		Debug|Any CPU = Debug|Any CPU
		Release|Any CPU = Release|Any CPU
	EndGlobalSection
	GlobalSection(ProjectConfigurationPlatforms) = postSolution
		{7DDF6169-F37F-4065-BE5F-2827F9C84A38}.Debug|Any CPU.ActiveCfg = Debug|Any CPU
		{7DDF6169-F37F-4065-BE5F-2827F9C84A38}.Debug|Any CPU.Build.0 = Debug|Any CPU
		{7DDF6169-F37F-4065-BE5F-2827F9C84A38}.Release|Any CPU.ActiveCfg = Release|Any CPU
		{7DDF6169-F37F-4065-BE5F-2827F9C84A38}.Release|Any CPU.Build.0 = Release|Any CPU
	EndGlobalSection
	GlobalSection(SolutionProperties) = preSolution
		HideSolutionNode = FALSE
	EndGlobalSection
	GlobalSection(ExtensibilityGlobals) = postSolution
		SolutionGuid = {64106935-9A3F-4F22-A66A-9E85309D962E}
	EndGlobalSection
EndGlobal
